
Microsoft Visual Studio Solution File, Format Version 12.00
# Visual Studio Version 17
VisualStudioVersion = 17.13.35806.99
MinimumVisualStudioVersion = 10.0.40219.1
Project("{FAE04EC0-301F-11D3-BF4B-00C04F79EFBC}") = "Core", "Core\Core.csproj", "{114EC427-D770-4BFD-8947-C051C90AB958}"
EndProject
Project("{FAE04EC0-301F-11D3-BF4B-00C04F79EFBC}") = "Testing", "Testing\Testing.csproj", "{DB7B3122-A288-4DDC-918E-1B48D0F6D5F2}"
EndProject
Global
	GlobalSection(SolutionConfigurationPlatforms) = preSolution
		Debug|Any CPU = Debug|Any CPU
		Release|Any CPU = Release|Any CPU
	EndGlobalSection
	GlobalSection(ProjectConfigurationPlatforms) = postSolution
		{114EC427-D770-4BFD-8947-C051C90AB958}.Debug|Any CPU.ActiveCfg = Debug|Any CPU
		{114EC427-D770-4BFD-8947-C051C90AB958}.Debug|Any CPU.Build.0 = Debug|Any CPU
		{114EC427-D770-4BFD-8947-C051C90AB958}.Release|Any CPU.ActiveCfg = Release|Any CPU
		{114EC427-D770-4BFD-8947-C051C90AB958}.Release|Any CPU.Build.0 = Release|Any CPU
		{DB7B3122-A288-4DDC-918E-1B48D0F6D5F2}.Debug|Any CPU.ActiveCfg = Debug|Any CPU
		{DB7B3122-A288-4DDC-918E-1B48D0F6D5F2}.Debug|Any CPU.Build.0 = Debug|Any CPU
		{DB7B3122-A288-4DDC-918E-1B48D0F6D5F2}.Release|Any CPU.ActiveCfg = Release|Any CPU
		{DB7B3122-A288-4DDC-918E-1B48D0F6D5F2}.Release|Any CPU.Build.0 = Release|Any CPU
	EndGlobalSection
	GlobalSection(SolutionProperties) = preSolution
		HideSolutionNode = FALSE
	EndGlobalSection
	GlobalSection(ExtensibilityGlobals) = postSolution
		SolutionGuid = {BE71544D-D541-4D41-A486-8B690743030F}
	EndGlobalSection
EndGlobal
